// !$*UTF8*$!
{
	archiveVersion = 1;
	classes = {
	};
	objectVersion = 77;
	objects = {

/* Begin PBXBuildFile section */
		58B1A98E2EBCFCAA0085BDEC /* RTMDetSwift.framework in Frameworks */ = {isa = PBXBuildFile; fileRef = 58B1A9822EBCFCAA0085BDEC /* RTMDetSwift.framework */; };
		58B1AAB72EBD4A440085BDEC /* opencv2.framework in Frameworks */ = {isa = PBXBuildFile; fileRef = 58B1AAB62EBD4A440085BDEC /* opencv2.framework */; };
		58B1AAB82EBD4A440085BDEC /* opencv2.framework in Embed Frameworks */ = {isa = PBXBuildFile; fileRef = 58B1AAB62EBD4A440085BDEC /* opencv2.framework */; settings = {ATTRIBUTES = (CodeSignOnCopy, RemoveHeadersOnCopy, ); }; };
		A134E0FEBED68D690A989121 /* Pods_RTMDetSwift.framework in Frameworks */ = {isa = PBXBuildFile; fileRef = D74B9C913733218E9B4CCFFB /* Pods_RTMDetSwift.framework */; };
		EA6D16A278693BE3ED325C73 /* Pods_RTMDetSwiftTests.framework in Frameworks */ = {isa = PBXBuildFile; fileRef = B21F602178A5887035E9901F /* Pods_RTMDetSwiftTests.framework */; };
/* End PBXBuildFile section */

/* Begin PBXContainerItemProxy section */
		58B1A98F2EBCFCAA0085BDEC /* PBXContainerItemProxy */ = {
			isa = PBXContainerItemProxy;
			containerPortal = 58B1A9792EBCFCAA0085BDEC /* Project object */;
			proxyType = 1;
			remoteGlobalIDString = 58B1A9812EBCFCAA0085BDEC;
			remoteInfo = RTMDetSwift;
		};
/* End PBXContainerItemProxy section */

/* Begin PBXCopyFilesBuildPhase section */
		58B1AAB92EBD4A450085BDEC /* Embed Frameworks */ = {
			isa = PBXCopyFilesBuildPhase;
			buildActionMask = 2147483647;
			dstPath = "";
			dstSubfolderSpec = 10;
			files = (
				58B1AAB82EBD4A440085BDEC /* opencv2.framework in Embed Frameworks */,
			);
			name = "Embed Frameworks";
			runOnlyForDeploymentPostprocessing = 0;
		};
/* End PBXCopyFilesBuildPhase section */

/* Begin PBXFileReference section */
		58B1A9822EBCFCAA0085BDEC /* RTMDetSwift.framework */ = {isa = PBXFileReference; explicitFileType = wrapper.framework; includeInIndex = 0; path = RTMDetSwift.framework; sourceTree = BUILT_PRODUCTS_DIR; };
		58B1A98D2EBCFCAA0085BDEC /* RTMDetSwiftTests.xctest */ = {isa = PBXFileReference; explicitFileType = wrapper.cfbundle; includeInIndex = 0; path = RTMDetSwiftTests.xctest; sourceTree = BUILT_PRODUCTS_DIR; };
		58B1AAB62EBD4A440085BDEC /* opencv2.framework */ = {isa = PBXFileReference; lastKnownFileType = wrapper.framework; name = opencv2.framework; path = Frameworks/opencv2.framework; sourceTree = "<group>"; };
		8A696260B9BEA43C1DAF4D41 /* Pods-RTMDetSwiftTests.debug.xcconfig */ = {isa = PBXFileReference; includeInIndex = 1; lastKnownFileType = text.xcconfig; name = "Pods-RTMDetSwiftTests.debug.xcconfig"; path = "Target Support Files/Pods-RTMDetSwiftTests/Pods-RTMDetSwiftTests.debug.xcconfig"; sourceTree = "<group>"; };
		B21F602178A5887035E9901F /* Pods_RTMDetSwiftTests.framework */ = {isa = PBXFileReference; explicitFileType = wrapper.framework; includeInIndex = 0; path = Pods_RTMDetSwiftTests.framework; sourceTree = BUILT_PRODUCTS_DIR; };
		BD1843004882432C43E67333 /* Pods-RTMDetSwift.release.xcconfig */ = {isa = PBXFileReference; includeInIndex = 1; lastKnownFileType = text.xcconfig; name = "Pods-RTMDetSwift.release.xcconfig"; path = "Target Support Files/Pods-RTMDetSwift/Pods-RTMDetSwift.release.xcconfig"; sourceTree = "<group>"; };
		CEEF44CD836E1A8A7F41A170 /* Pods-RTMDetSwift.debug.xcconfig */ = {isa = PBXFileReference; includeInIndex = 1; lastKnownFileType = text.xcconfig; name = "Pods-RTMDetSwift.debug.xcconfig"; path = "Target Support Files/Pods-RTMDetSwift/Pods-RTMDetSwift.debug.xcconfig"; sourceTree = "<group>"; };
		D74B9C913733218E9B4CCFFB /* Pods_RTMDetSwift.framework */ = {isa = PBXFileReference; explicitFileType = wrapper.framework; includeInIndex = 0; path = Pods_RTMDetSwift.framework; sourceTree = BUILT_PRODUCTS_DIR; };
		E72B2B2F9C2487C7B3F4DE93 /* Pods-RTMDetSwiftTests.release.xcconfig */ = {isa = PBXFileReference; includeInIndex = 1; lastKnownFileType = text.xcconfig; name = "Pods-RTMDetSwiftTests.release.xcconfig"; path = "Target Support Files/Pods-RTMDetSwiftTests/Pods-RTMDetSwiftTests.release.xcconfig"; sourceTree = "<group>"; };
/* End PBXFileReference section */

/* Begin PBXFileSystemSynchronizedBuildFileExceptionSet section */
		58B1AA042EBD04570085BDEC /* Exceptions for "RTMDetSwift" folder in "RTMDetSwift" target */ = {
			isa = PBXFileSystemSynchronizedBuildFileExceptionSet;
			publicHeaders = (
				OpenCVWrapper.h,
				RTMDetSwift.h,
			);
			target = 58B1A9812EBCFCAA0085BDEC /* RTMDetSwift */;
		};
/* End PBXFileSystemSynchronizedBuildFileExceptionSet section */

/* Begin PBXFileSystemSynchronizedRootGroup section */
		58B1A9842EBCFCAA0085BDEC /* RTMDetSwift */ = {
			isa = PBXFileSystemSynchronizedRootGroup;
			exceptions = (
				58B1AA042EBD04570085BDEC /* Exceptions for "RTMDetSwift" folder in "RTMDetSwift" target */,
			);
			path = RTMDetSwift;
			sourceTree = "<group>";
		};
		58B1A9912EBCFCAA0085BDEC /* RTMDetSwiftTests */ = {
			isa = PBXFileSystemSynchronizedRootGroup;
			path = RTMDetSwiftTests;
			sourceTree = "<group>";
		};
/* End PBXFileSystemSynchronizedRootGroup section */

/* Begin PBXFrameworksBuildPhase section */
		58B1A97F2EBCFCAA0085BDEC /* Frameworks */ = {
			isa = PBXFrameworksBuildPhase;
			buildActionMask = 2147483647;
			files = (
				58B1AAB72EBD4A440085BDEC /* opencv2.framework in Frameworks */,
				A134E0FEBED68D690A989121 /* Pods_RTMDetSwift.framework in Frameworks */,
			);
			runOnlyForDeploymentPostprocessing = 0;
		};
		58B1A98A2EBCFCAA0085BDEC /* Frameworks */ = {
			isa = PBXFrameworksBuildPhase;
			buildActionMask = 2147483647;
			files = (
				58B1A98E2EBCFCAA0085BDEC /* RTMDetSwift.framework in Frameworks */,
				EA6D16A278693BE3ED325C73 /* Pods_RTMDetSwiftTests.framework in Frameworks */,
			);
			runOnlyForDeploymentPostprocessing = 0;
		};
/* End PBXFrameworksBuildPhase section */

/* Begin PBXGroup section */
		31625C48324900189E9A20B9 /* Pods */ = {
			isa = PBXGroup;
			children = (
				CEEF44CD836E1A8A7F41A170 /* Pods-RTMDetSwift.debug.xcconfig */,
				BD1843004882432C43E67333 /* Pods-RTMDetSwift.release.xcconfig */,
				8A696260B9BEA43C1DAF4D41 /* Pods-RTMDetSwiftTests.debug.xcconfig */,
				E72B2B2F9C2487C7B3F4DE93 /* Pods-RTMDetSwiftTests.release.xcconfig */,
			);
			path = Pods;
			sourceTree = "<group>";
		};
		58B1A9782EBCFCAA0085BDEC = {
			isa = PBXGroup;
			children = (
				58B1A9842EBCFCAA0085BDEC /* RTMDetSwift */,
				58B1A9912EBCFCAA0085BDEC /* RTMDetSwiftTests */,
				58B1A9832EBCFCAA0085BDEC /* Products */,
				31625C48324900189E9A20B9 /* Pods */,
				90D7DE56408539F3F045AB11 /* Frameworks */,
			);
			sourceTree = "<group>";
		};
		58B1A9832EBCFCAA0085BDEC /* Products */ = {
			isa = PBXGroup;
			children = (
				58B1A9822EBCFCAA0085BDEC /* RTMDetSwift.framework */,
				58B1A98D2EBCFCAA0085BDEC /* RTMDetSwiftTests.xctest */,
			);
			name = Products;
			sourceTree = "<group>";
		};
		90D7DE56408539F3F045AB11 /* Frameworks */ = {
			isa = PBXGroup;
			children = (
				58B1AAB62EBD4A440085BDEC /* opencv2.framework */,
				D74B9C913733218E9B4CCFFB /* Pods_RTMDetSwift.framework */,
				B21F602178A5887035E9901F /* Pods_RTMDetSwiftTests.framework */,
			);
			name = Frameworks;
			sourceTree = "<group>";
		};
/* End PBXGroup section */

/* Begin PBXHeadersBuildPhase section */
		58B1A97D2EBCFCAA0085BDEC /* Headers */ = {
			isa = PBXHeadersBuildPhase;
			buildActionMask = 2147483647;
			files = (
			);
			runOnlyForDeploymentPostprocessing = 0;
		};
/* End PBXHeadersBuildPhase section */

/* Begin PBXNativeTarget section */
		58B1A9812EBCFCAA0085BDEC /* RTMDetSwift */ = {
			isa = PBXNativeTarget;
			buildConfigurationList = 58B1A9962EBCFCAA0085BDEC /* Build configuration list for PBXNativeTarget "RTMDetSwift" */;
			buildPhases = (
				7AC22712D0FABD5AEBB8B0DE /* [CP] Check Pods Manifest.lock */,
				58B1A97D2EBCFCAA0085BDEC /* Headers */,
				58B1A97E2EBCFCAA0085BDEC /* Sources */,
				58B1A97F2EBCFCAA0085BDEC /* Frameworks */,
				58B1A9802EBCFCAA0085BDEC /* Resources */,
			);
			buildRules = (
			);
			dependencies = (
			);
			fileSystemSynchronizedGroups = (
				58B1A9842EBCFCAA0085BDEC /* RTMDetSwift */,
			);
			name = RTMDetSwift;
			productName = RTMDetSwift;
			productReference = 58B1A9822EBCFCAA0085BDEC /* RTMDetSwift.framework */;
			productType = "com.apple.product-type.framework";
		};
		58B1A98C2EBCFCAA0085BDEC /* RTMDetSwiftTests */ = {
			isa = PBXNativeTarget;
			buildConfigurationList = 58B1A9992EBCFCAA0085BDEC /* Build configuration list for PBXNativeTarget "RTMDetSwiftTests" */;
			buildPhases = (
				2EE77DF84A079F726B8F3180 /* [CP] Check Pods Manifest.lock */,
				58B1A9892EBCFCAA0085BDEC /* Sources */,
				58B1A98A2EBCFCAA0085BDEC /* Frameworks */,
				58B1A98B2EBCFCAA0085BDEC /* Resources */,
				58B1AAB92EBD4A450085BDEC /* Embed Frameworks */,
			);
			buildRules = (
			);
			dependencies = (
				58B1A9902EBCFCAA0085BDEC /* PBXTargetDependency */,
			);
			fileSystemSynchronizedGroups = (
				58B1A9912EBCFCAA0085BDEC /* RTMDetSwiftTests */,
			);
			name = RTMDetSwiftTests;
			productName = RTMDetSwiftTests;
			productReference = 58B1A98D2EBCFCAA0085BDEC /* RTMDetSwiftTests.xctest */;
			productType = "com.apple.product-type.bundle.unit-test";
		};
/* End PBXNativeTarget section */

/* Begin PBXProject section */
		58B1A9792EBCFCAA0085BDEC /* Project object */ = {
			isa = PBXProject;
			attributes = {
				BuildIndependentTargetsInParallel = 1;
				LastSwiftUpdateCheck = 2610;
				LastUpgradeCheck = 2610;
				TargetAttributes = {
					58B1A9812EBCFCAA0085BDEC = {
						CreatedOnToolsVersion = 26.1;
					};
					58B1A98C2EBCFCAA0085BDEC = {
						CreatedOnToolsVersion = 26.1;
					};
				};
			};
			buildConfigurationList = 58B1A97C2EBCFCAA0085BDEC /* Build configuration list for PBXProject "RTMDetSwift" */;
			developmentRegion = en;
			hasScannedForEncodings = 0;
			knownRegions = (
				en,
				Base,
			);
			mainGroup = 58B1A9782EBCFCAA0085BDEC;
			minimizedProjectReferenceProxies = 1;
			preferredProjectObjectVersion = 77;
			productRefGroup = 58B1A9832EBCFCAA0085BDEC /* Products */;
			projectDirPath = "";
			projectRoot = "";
			targets = (
				58B1A9812EBCFCAA0085BDEC /* RTMDetSwift */,
				58B1A98C2EBCFCAA0085BDEC /* RTMDetSwiftTests */,
			);
		};
/* End PBXProject section */

/* Begin PBXResourcesBuildPhase section */
		58B1A9802EBCFCAA0085BDEC /* Resources */ = {
			isa = PBXResourcesBuildPhase;
			buildActionMask = 2147483647;
			files = (
			);
			runOnlyForDeploymentPostprocessing = 0;
		};
		58B1A98B2EBCFCAA0085BDEC /* Resources */ = {
			isa = PBXResourcesBuildPhase;
			buildActionMask = 2147483647;
			files = (
			);
			runOnlyForDeploymentPostprocessing = 0;
		};
/* End PBXResourcesBuildPhase section */

/* Begin PBXShellScriptBuildPhase section */
		2EE77DF84A079F726B8F3180 /* [CP] Check Pods Manifest.lock */ = {
			isa = PBXShellScriptBuildPhase;
			buildActionMask = 2147483647;
			files = (
			);
			inputFileListPaths = (
			);
			inputPaths = (
				"${PODS_PODFILE_DIR_PATH}/Podfile.lock",
				"${PODS_ROOT}/Manifest.lock",
			);
			name = "[CP] Check Pods Manifest.lock";
			outputFileListPaths = (
			);
			outputPaths = (
				"$(DERIVED_FILE_DIR)/Pods-RTMDetSwiftTests-checkManifestLockResult.txt",
			);
			runOnlyForDeploymentPostprocessing = 0;
			shellPath = /bin/sh;
			shellScript = "diff \"${PODS_PODFILE_DIR_PATH}/Podfile.lock\" \"${PODS_ROOT}/Manifest.lock\" > /dev/null\nif [ $? != 0 ] ; then\n    # print error to STDERR\n    echo \"error: The sandbox is not in sync with the Podfile.lock. Run 'pod install' or update your CocoaPods installation.\" >&2\n    exit 1\nfi\n# This output is used by Xcode 'outputs' to avoid re-running this script phase.\necho \"SUCCESS\" > \"${SCRIPT_OUTPUT_FILE_0}\"\n";
			showEnvVarsInLog = 0;
		};
		7AC22712D0FABD5AEBB8B0DE /* [CP] Check Pods Manifest.lock */ = {
			isa = PBXShellScriptBuildPhase;
			buildActionMask = 2147483647;
			files = (
			);
			inputFileListPaths = (
			);
			inputPaths = (
				"${PODS_PODFILE_DIR_PATH}/Podfile.lock",
				"${PODS_ROOT}/Manifest.lock",
			);
			name = "[CP] Check Pods Manifest.lock";
			outputFileListPaths = (
			);
			outputPaths = (
				"$(DERIVED_FILE_DIR)/Pods-RTMDetSwift-checkManifestLockResult.txt",
			);
			runOnlyForDeploymentPostprocessing = 0;
			shellPath = /bin/sh;
			shellScript = "diff \"${PODS_PODFILE_DIR_PATH}/Podfile.lock\" \"${PODS_ROOT}/Manifest.lock\" > /dev/null\nif [ $? != 0 ] ; then\n    # print error to STDERR\n    echo \"error: The sandbox is not in sync with the Podfile.lock. Run 'pod install' or update your CocoaPods installation.\" >&2\n    exit 1\nfi\n# This output is used by Xcode 'outputs' to avoid re-running this script phase.\necho \"SUCCESS\" > \"${SCRIPT_OUTPUT_FILE_0}\"\n";
			showEnvVarsInLog = 0;
		};
/* End PBXShellScriptBuildPhase section */

/* Begin PBXSourcesBuildPhase section */
		58B1A97E2EBCFCAA0085BDEC /* Sources */ = {
			isa = PBXSourcesBuildPhase;
			buildActionMask = 2147483647;
			files = (
			);
			runOnlyForDeploymentPostprocessing = 0;
		};
		58B1A9892EBCFCAA0085BDEC /* Sources */ = {
			isa = PBXSourcesBuildPhase;
			buildActionMask = 2147483647;
			files = (
			);
			runOnlyForDeploymentPostprocessing = 0;
		};
/* End PBXSourcesBuildPhase section */

/* Begin PBXTargetDependency section */
		58B1A9902EBCFCAA0085BDEC /* PBXTargetDependency */ = {
			isa = PBXTargetDependency;
			target = 58B1A9812EBCFCAA0085BDEC /* RTMDetSwift */;
			targetProxy = 58B1A98F2EBCFCAA0085BDEC /* PBXContainerItemProxy */;
		};
/* End PBXTargetDependency section */

/* Begin XCBuildConfiguration section */
		58B1A9942EBCFCAA0085BDEC /* Debug */ = {
			isa = XCBuildConfiguration;
			buildSettings = {
				ALWAYS_SEARCH_USER_PATHS = NO;
				ASSETCATALOG_COMPILER_GENERATE_SWIFT_ASSET_SYMBOL_EXTENSIONS = YES;
				CLANG_ANALYZER_NONNULL = YES;
				CLANG_ANALYZER_NUMBER_OBJECT_CONVERSION = YES_AGGRESSIVE;
				CLANG_CXX_LANGUAGE_STANDARD = "gnu++20";
				CLANG_ENABLE_MODULES = YES;
				CLANG_ENABLE_OBJC_ARC = YES;
				CLANG_ENABLE_OBJC_WEAK = YES;
				CLANG_WARN_BLOCK_CAPTURE_AUTORELEASING = YES;
				CLANG_WARN_BOOL_CONVERSION = YES;
				CLANG_WARN_COMMA = YES;
				CLANG_WARN_CONSTANT_CONVERSION = YES;
				CLANG_WARN_DEPRECATED_OBJC_IMPLEMENTATIONS = YES;
				CLANG_WARN_DIRECT_OBJC_ISA_USAGE = YES_ERROR;
				CLANG_WARN_DOCUMENTATION_COMMENTS = YES;
				CLANG_WARN_EMPTY_BODY = YES;
				CLANG_WARN_ENUM_CONVERSION = YES;
				CLANG_WARN_INFINITE_RECURSION = YES;
				CLANG_WARN_INT_CONVERSION = YES;
				CLANG_WARN_NON_LITERAL_NULL_CONVERSION = YES;
				CLANG_WARN_OBJC_IMPLICIT_RETAIN_SELF = YES;
				CLANG_WARN_OBJC_LITERAL_CONVERSION = YES;
				CLANG_WARN_OBJC_ROOT_CLASS = YES_ERROR;
				CLANG_WARN_QUOTED_INCLUDE_IN_FRAMEWORK_HEADER = YES;
				CLANG_WARN_RANGE_LOOP_ANALYSIS = YES;
				CLANG_WARN_STRICT_PROTOTYPES = YES;
				CLANG_WARN_SUSPICIOUS_MOVE = YES;
				CLANG_WARN_UNGUARDED_AVAILABILITY = YES_AGGRESSIVE;
				CLANG_WARN_UNREACHABLE_CODE = YES;
				CLANG_WARN__DUPLICATE_METHOD_MATCH = YES;
				COPY_PHASE_STRIP = NO;
				CURRENT_PROJECT_VERSION = 1;
				DEBUG_INFORMATION_FORMAT = dwarf;
				DEVELOPMENT_TEAM = J69W6UQUZ7;
				ENABLE_STRICT_OBJC_MSGSEND = YES;
				ENABLE_TESTABILITY = YES;
				ENABLE_USER_SCRIPT_SANDBOXING = YES;
				GCC_C_LANGUAGE_STANDARD = gnu17;
				GCC_DYNAMIC_NO_PIC = NO;
				GCC_NO_COMMON_BLOCKS = YES;
				GCC_OPTIMIZATION_LEVEL = 0;
				GCC_PREPROCESSOR_DEFINITIONS = (
					"DEBUG=1",
					"$(inherited)",
				);
				GCC_WARN_64_TO_32_BIT_CONVERSION = YES;
				GCC_WARN_ABOUT_RETURN_TYPE = YES_ERROR;
				GCC_WARN_UNDECLARED_SELECTOR = YES;
				GCC_WARN_UNINITIALIZED_AUTOS = YES_AGGRESSIVE;
				GCC_WARN_UNUSED_FUNCTION = YES;
				GCC_WARN_UNUSED_VARIABLE = YES;
				IPHONEOS_DEPLOYMENT_TARGET = 13.0;
				LOCALIZATION_PREFERS_STRING_CATALOGS = YES;
				MTL_ENABLE_DEBUG_INFO = INCLUDE_SOURCE;
				MTL_FAST_MATH = YES;
				ONLY_ACTIVE_ARCH = YES;
				SDKROOT = iphoneos;
				SWIFT_ACTIVE_COMPILATION_CONDITIONS = "DEBUG $(inherited)";
				SWIFT_OPTIMIZATION_LEVEL = "-Onone";
				VERSIONING_SYSTEM = "apple-generic";
				VERSION_INFO_PREFIX = "";
			};
			name = Debug;
		};
		58B1A9952EBCFCAA0085BDEC /* Release */ = {
			isa = XCBuildConfiguration;
			buildSettings = {
				ALWAYS_SEARCH_USER_PATHS = NO;
				ASSETCATALOG_COMPILER_GENERATE_SWIFT_ASSET_SYMBOL_EXTENSIONS = YES;
				CLANG_ANALYZER_NONNULL = YES;
				CLANG_ANALYZER_NUMBER_OBJECT_CONVERSION = YES_AGGRESSIVE;
				CLANG_CXX_LANGUAGE_STANDARD = "gnu++20";
				CLANG_ENABLE_MODULES = YES;
				CLANG_ENABLE_OBJC_ARC = YES;
				CLANG_ENABLE_OBJC_WEAK = YES;
				CLANG_WARN_BLOCK_CAPTURE_AUTORELEASING = YES;
				CLANG_WARN_BOOL_CONVERSION = YES;
				CLANG_WARN_COMMA = YES;
				CLANG_WARN_CONSTANT_CONVERSION = YES;
				CLANG_WARN_DEPRECATED_OBJC_IMPLEMENTATIONS = YES;
				CLANG_WARN_DIRECT_OBJC_ISA_USAGE = YES_ERROR;
				CLANG_WARN_DOCUMENTATION_COMMENTS = YES;
				CLANG_WARN_EMPTY_BODY = YES;
				CLANG_WARN_ENUM_CONVERSION = YES;
				CLANG_WARN_INFINITE_RECURSION = YES;
				CLANG_WARN_INT_CONVERSION = YES;
				CLANG_WARN_NON_LITERAL_NULL_CONVERSION = YES;
				CLANG_WARN_OBJC_IMPLICIT_RETAIN_SELF = YES;
				CLANG_WARN_OBJC_LITERAL_CONVERSION = YES;
				CLANG_WARN_OBJC_ROOT_CLASS = YES_ERROR;
				CLANG_WARN_QUOTED_INCLUDE_IN_FRAMEWORK_HEADER = YES;
				CLANG_WARN_RANGE_LOOP_ANALYSIS = YES;
				CLANG_WARN_STRICT_PROTOTYPES = YES;
				CLANG_WARN_SUSPICIOUS_MOVE = YES;
				CLANG_WARN_UNGUARDED_AVAILABILITY = YES_AGGRESSIVE;
				CLANG_WARN_UNREACHABLE_CODE = YES;
				CLANG_WARN__DUPLICATE_METHOD_MATCH = YES;
				COPY_PHASE_STRIP = NO;
				CURRENT_PROJECT_VERSION = 1;
				DEBUG_INFORMATION_FORMAT = "dwarf-with-dsym";
				DEVELOPMENT_TEAM = J69W6UQUZ7;
				ENABLE_NS_ASSERTIONS = NO;
				ENABLE_STRICT_OBJC_MSGSEND = YES;
				ENABLE_USER_SCRIPT_SANDBOXING = YES;
				GCC_C_LANGUAGE_STANDARD = gnu17;
				GCC_NO_COMMON_BLOCKS = YES;
				GCC_WARN_64_TO_32_BIT_CONVERSION = YES;
				GCC_WARN_ABOUT_RETURN_TYPE = YES_ERROR;
				GCC_WARN_UNDECLARED_SELECTOR = YES;
				GCC_WARN_UNINITIALIZED_AUTOS = YES_AGGRESSIVE;
				GCC_WARN_UNUSED_FUNCTION = YES;
				GCC_WARN_UNUSED_VARIABLE = YES;
				IPHONEOS_DEPLOYMENT_TARGET = 13.0;
				LOCALIZATION_PREFERS_STRING_CATALOGS = YES;
				MTL_ENABLE_DEBUG_INFO = NO;
				MTL_FAST_MATH = YES;
				SDKROOT = iphoneos;
				SWIFT_COMPILATION_MODE = wholemodule;
				VALIDATE_PRODUCT = YES;
				VERSIONING_SYSTEM = "apple-generic";
				VERSION_INFO_PREFIX = "";
			};
			name = Release;
		};
		58B1A9972EBCFCAA0085BDEC /* Debug */ = {
			isa = XCBuildConfiguration;
			baseConfigurationReference = CEEF44CD836E1A8A7F41A170 /* Pods-RTMDetSwift.debug.xcconfig */;
			buildSettings = {
				BUILD_LIBRARY_FOR_DISTRIBUTION = YES;
				CODE_SIGN_STYLE = Automatic;
				CURRENT_PROJECT_VERSION = 1;
				DEFINES_MODULE = YES;
				DEVELOPMENT_TEAM = J69W6UQUZ7;
				DYLIB_COMPATIBILITY_VERSION = 1;
				DYLIB_CURRENT_VERSION = 1;
				DYLIB_INSTALL_NAME_BASE = "@rpath";
				ENABLE_MODULE_VERIFIER = YES;
				ENABLE_USER_SCRIPT_SANDBOXING = NO;
				"EXCLUDED_ARCHS[sdk=iphonesimulator*]" = arm64;
				FRAMEWORK_SEARCH_PATHS = (
					"$(inherited)",
					"$(PROJECT_DIR)/Frameworks",
				);
				GENERATE_INFOPLIST_FILE = YES;
				INFOPLIST_KEY_NSHumanReadableCopyright = "";
				INSTALL_PATH = "$(LOCAL_LIBRARY_DIR)/Frameworks";
				IPHONEOS_DEPLOYMENT_TARGET = 13.0;
				LD_RUNPATH_SEARCH_PATHS = (
					"$(inherited)",
					"@executable_path/Frameworks",
					"@loader_path/Frameworks",
				);
				MARKETING_VERSION = 1.0;
				MODULE_VERIFIER_SUPPORTED_LANGUAGES = "objective-c objective-c++";
				MODULE_VERIFIER_SUPPORTED_LANGUAGE_STANDARDS = "gnu17 gnu++20";
				PRODUCT_BUNDLE_IDENTIFIER = com.madabilitylab.RTMDetSwift;
				PRODUCT_NAME = "$(TARGET_NAME:c99extidentifier)";
				SKIP_INSTALL = YES;
				STRING_CATALOG_GENERATE_SYMBOLS = YES;
				SUPPORTED_PLATFORMS = "iphoneos iphonesimulator";
				SUPPORTS_MACCATALYST = NO;
				SUPPORTS_MAC_DESIGNED_FOR_IPHONE_IPAD = NO;
				SWIFT_APPROACHABLE_CONCURRENCY = YES;
				SWIFT_EMIT_LOC_STRINGS = YES;
				SWIFT_INSTALL_MODULE = YES;
				SWIFT_INSTALL_OBJC_HEADER = YES;
				SWIFT_UPCOMING_FEATURE_MEMBER_IMPORT_VISIBILITY = YES;
				SWIFT_VERSION = 5.0;
				TARGETED_DEVICE_FAMILY = "1,2";
			};
			name = Debug;
		};
		58B1A9982EBCFCAA0085BDEC /* Release */ = {
			isa = XCBuildConfiguration;
			baseConfigurationReference = BD1843004882432C43E67333 /* Pods-RTMDetSwift.release.xcconfig */;
			buildSettings = {
				BUILD_LIBRARY_FOR_DISTRIBUTION = YES;
				CODE_SIGN_STYLE = Automatic;
				CURRENT_PROJECT_VERSION = 1;
				DEFINES_MODULE = YES;
				DEVELOPMENT_TEAM = J69W6UQUZ7;
				DYLIB_COMPATIBILITY_VERSION = 1;
				DYLIB_CURRENT_VERSION = 1;
				DYLIB_INSTALL_NAME_BASE = "@rpath";
				ENABLE_MODULE_VERIFIER = YES;
				ENABLE_USER_SCRIPT_SANDBOXING = NO;
				"EXCLUDED_ARCHS[sdk=iphonesimulator*]" = arm64;
				FRAMEWORK_SEARCH_PATHS = (
					"$(inherited)",
					"$(PROJECT_DIR)/Frameworks",
				);
				GENERATE_INFOPLIST_FILE = YES;
				INFOPLIST_KEY_NSHumanReadableCopyright = "";
				INSTALL_PATH = "$(LOCAL_LIBRARY_DIR)/Frameworks";
				IPHONEOS_DEPLOYMENT_TARGET = 13.0;
				LD_RUNPATH_SEARCH_PATHS = (
					"$(inherited)",
					"@executable_path/Frameworks",
					"@loader_path/Frameworks",
				);
				MARKETING_VERSION = 1.0;
				MODULE_VERIFIER_SUPPORTED_LANGUAGES = "objective-c objective-c++";
				MODULE_VERIFIER_SUPPORTED_LANGUAGE_STANDARDS = "gnu17 gnu++20";
				PRODUCT_BUNDLE_IDENTIFIER = com.madabilitylab.RTMDetSwift;
				PRODUCT_NAME = "$(TARGET_NAME:c99extidentifier)";
				SKIP_INSTALL = YES;
				STRING_CATALOG_GENERATE_SYMBOLS = YES;
				SUPPORTED_PLATFORMS = "iphoneos iphonesimulator";
				SUPPORTS_MACCATALYST = NO;
				SUPPORTS_MAC_DESIGNED_FOR_IPHONE_IPAD = NO;
				SWIFT_APPROACHABLE_CONCURRENCY = YES;
				SWIFT_EMIT_LOC_STRINGS = YES;
				SWIFT_INSTALL_MODULE = YES;
				SWIFT_INSTALL_OBJC_HEADER = YES;
				SWIFT_UPCOMING_FEATURE_MEMBER_IMPORT_VISIBILITY = YES;
				SWIFT_VERSION = 5.0;
				TARGETED_DEVICE_FAMILY = "1,2";
			};
			name = Release;
		};
		58B1A99A2EBCFCAA0085BDEC /* Debug */ = {
			isa = XCBuildConfiguration;
			baseConfigurationReference = 8A696260B9BEA43C1DAF4D41 /* Pods-RTMDetSwiftTests.debug.xcconfig */;
			buildSettings = {
				CODE_SIGN_STYLE = Automatic;
				CURRENT_PROJECT_VERSION = 1;
				DEVELOPMENT_TEAM = J69W6UQUZ7;
				ENABLE_USER_SCRIPT_SANDBOXING = NO;
				FRAMEWORK_SEARCH_PATHS = (
					"$(inherited)",
					"$(PROJECT_DIR)/Frameworks",
				);
				GENERATE_INFOPLIST_FILE = YES;
				MARKETING_VERSION = 1.0;
				PRODUCT_BUNDLE_IDENTIFIER = com.madabilitylab.RTMDetSwiftTests;
				PRODUCT_NAME = "$(TARGET_NAME)";
				STRING_CATALOG_GENERATE_SYMBOLS = NO;
				SWIFT_APPROACHABLE_CONCURRENCY = YES;
				SWIFT_EMIT_LOC_STRINGS = NO;
				SWIFT_UPCOMING_FEATURE_MEMBER_IMPORT_VISIBILITY = YES;
				SWIFT_VERSION = 5.0;
				TARGETED_DEVICE_FAMILY = "1,2";
			};
			name = Debug;
		};
		58B1A99B2EBCFCAA0085BDEC /* Release */ = {
			isa = XCBuildConfiguration;
			baseConfigurationReference = E72B2B2F9C2487C7B3F4DE93 /* Pods-RTMDetSwiftTests.release.xcconfig */;
			buildSettings = {
				CODE_SIGN_STYLE = Automatic;
				CURRENT_PROJECT_VERSION = 1;
				DEVELOPMENT_TEAM = J69W6UQUZ7;
				ENABLE_USER_SCRIPT_SANDBOXING = NO;
				FRAMEWORK_SEARCH_PATHS = (
					"$(inherited)",
					"$(PROJECT_DIR)/Frameworks",
				);
				GENERATE_INFOPLIST_FILE = YES;
				MARKETING_VERSION = 1.0;
				PRODUCT_BUNDLE_IDENTIFIER = com.madabilitylab.RTMDetSwiftTests;
				PRODUCT_NAME = "$(TARGET_NAME)";
				STRING_CATALOG_GENERATE_SYMBOLS = NO;
				SWIFT_APPROACHABLE_CONCURRENCY = YES;
				SWIFT_EMIT_LOC_STRINGS = NO;
				SWIFT_UPCOMING_FEATURE_MEMBER_IMPORT_VISIBILITY = YES;
				SWIFT_VERSION = 5.0;
				TARGETED_DEVICE_FAMILY = "1,2";
			};
			name = Release;
		};
/* End XCBuildConfiguration section */

/* Begin XCConfigurationList section */
		58B1A97C2EBCFCAA0085BDEC /* Build configuration list for PBXProject "RTMDetSwift" */ = {
			isa = XCConfigurationList;
			buildConfigurations = (
				58B1A9942EBCFCAA0085BDEC /* Debug */,
				58B1A9952EBCFCAA0085BDEC /* Release */,
			);
			defaultConfigurationIsVisible = 0;
			defaultConfigurationName = Release;
		};
		58B1A9962EBCFCAA0085BDEC /* Build configuration list for PBXNativeTarget "RTMDetSwift" */ = {
			isa = XCConfigurationList;
			buildConfigurations = (
				58B1A9972EBCFCAA0085BDEC /* Debug */,
				58B1A9982EBCFCAA0085BDEC /* Release */,
			);
			defaultConfigurationIsVisible = 0;
			defaultConfigurationName = Release;
		};
		58B1A9992EBCFCAA0085BDEC /* Build configuration list for PBXNativeTarget "RTMDetSwiftTests" */ = {
			isa = XCConfigurationList;
			buildConfigurations = (
				58B1A99A2EBCFCAA0085BDEC /* Debug */,
				58B1A99B2EBCFCAA0085BDEC /* Release */,
			);
			defaultConfigurationIsVisible = 0;
			defaultConfigurationName = Release;
		};
/* End XCConfigurationList section */
	};
	rootObject = 58B1A9792EBCFCAA0085BDEC /* Project object */;
}
